{
  "name": "elearningapp",
  "version": "0.0.1",
  "lockfileVersion": 1,
  "requires": true,
  "dependencies": {
    "cordova-plugin-wkwebview-engine-v2": {
      "version": "2.2.0",
      "resolved": "https://registry.npmjs.org/cordova-plugin-wkwebview-engine-v2/-/cordova-plugin-wkwebview-engine-v2-2.2.0.tgz",
      "integrity": "sha512-sEJaPTKVNqpVweuBSkntNDX/ZyirF8qn73LoHWHvZGRGwO+vaKcv4SDL1Fv6gEt1e9HP28zEpOaEJdFUMRDeuQ=="
    }
  }
}
